
Microsoft Visual Studio Solution File, Format Version 12.00
# Visual Studio Version 17
VisualStudioVersion = 17.7.34003.232
MinimumVisualStudioVersion = 10.0.40219.1
Project("{FAE04EC0-301F-11D3-BF4B-00C04F79EFBC}") = "thuchanhgit", "thuchanhgit.csproj", "{05C5FC81-0E33-47D9-A1A3-4A126F859C73}"
EndProject
Global
	GlobalSection(SolutionConfigurationPlatforms) = preSolution
		Debug|Any CPU = Debug|Any CPU
		Release|Any CPU = Release|Any CPU
	EndGlobalSection
	GlobalSection(ProjectConfigurationPlatforms) = postSolution
		{05C5FC81-0E33-47D9-A1A3-4A126F859C73}.Debug|Any CPU.ActiveCfg = Debug|Any CPU
		{05C5FC81-0E33-47D9-A1A3-4A126F859C73}.Debug|Any CPU.Build.0 = Debug|Any CPU
		{05C5FC81-0E33-47D9-A1A3-4A126F859C73}.Release|Any CPU.ActiveCfg = Release|Any CPU
		{05C5FC81-0E33-47D9-A1A3-4A126F859C73}.Release|Any CPU.Build.0 = Release|Any CPU
	EndGlobalSection
	GlobalSection(SolutionProperties) = preSolution
		HideSolutionNode = FALSE
	EndGlobalSection
	GlobalSection(ExtensibilityGlobals) = postSolution
		SolutionGuid = {420C2BCC-2B38-48D4-8F47-3403D2A1117D}
	EndGlobalSection
EndGlobal
